// !$*UTF8*$!
{
	archiveVersion = 1;
	classes = {
	};
	objectVersion = 46;
	objects = {

/* Begin PBXBuildFile section */
		0899DCD01E04717600EA52A0 /* Data+MJL.swift in Sources */ = {isa = PBXBuildFile; fileRef = 0899DCCA1E04717600EA52A0 /* Data+MJL.swift */; };
		0899DCD11E04717600EA52A0 /* FileManager+MJL.swift in Sources */ = {isa = PBXBuildFile; fileRef = 0899DCCB1E04717600EA52A0 /* FileManager+MJL.swift */; };
		0899DCD21E04717600EA52A0 /* NSURL+MJL.swift in Sources */ = {isa = PBXBuildFile; fileRef = 0899DCCC1E04717600EA52A0 /* NSURL+MJL.swift */; };
		0899DCD31E04717600EA52A0 /* Process+MJL.swift in Sources */ = {isa = PBXBuildFile; fileRef = 0899DCCD1E04717600EA52A0 /* Process+MJL.swift */; };
		0899DCD41E04717600EA52A0 /* String+MJL.swift in Sources */ = {isa = PBXBuildFile; fileRef = 0899DCCE1E04717600EA52A0 /* String+MJL.swift */; };
		0899DCD51E04717600EA52A0 /* RecursiveFlatMap.swift in Sources */ = {isa = PBXBuildFile; fileRef = 0899DCCF1E04717600EA52A0 /* RecursiveFlatMap.swift */; };
		08E5D20F1EAEF8E600374055 /* ShellCommands.swift in Sources */ = {isa = PBXBuildFile; fileRef = 08E5D20D1EAEF8E600374055 /* ShellCommands.swift */; };
		08E5D2101EAEF8E600374055 /* ToolbarItemHandler.swift in Sources */ = {isa = PBXBuildFile; fileRef = 08E5D20E1EAEF8E600374055 /* ToolbarItemHandler.swift */; };
		08F01EA31EFD65070047F397 /* ExpiringCache.swift in Sources */ = {isa = PBXBuildFile; fileRef = 08F01EA21EFD65070047F397 /* ExpiringCache.swift */; };
		08F01EA51EFD71060047F397 /* ExpiringCacheTests.swift in Sources */ = {isa = PBXBuildFile; fileRef = 08F01EA41EFD71060047F397 /* ExpiringCacheTests.swift */; };
		08F01EA71EFD81280047F397 /* KeychainTests.swift in Sources */ = {isa = PBXBuildFile; fileRef = 08F01EA61EFD81280047F397 /* KeychainTests.swift */; };
		OBJ_21 /* Keychain.swift in Sources */ = {isa = PBXBuildFile; fileRef = OBJ_9 /* Keychain.swift */; };
		OBJ_28 /* MJLCommonTests.swift in Sources */ = {isa = PBXBuildFile; fileRef = OBJ_12 /* MJLCommonTests.swift */; };
		OBJ_30 /* MJLCommon.framework in Frameworks */ = {isa = PBXBuildFile; fileRef = OBJ_14 /* MJLCommon.framework */; };
/* End PBXBuildFile section */

/* Begin PBXContainerItemProxy section */
		0899DCC81E046B2300EA52A0 /* PBXContainerItemProxy */ = {
			isa = PBXContainerItemProxy;
			containerPortal = OBJ_1 /* Project object */;
			proxyType = 1;
			remoteGlobalIDString = OBJ_16;
			remoteInfo = MJLCommon;
		};
/* End PBXContainerItemProxy section */

/* Begin PBXFileReference section */
		0899DCCA1E04717600EA52A0 /* Data+MJL.swift */ = {isa = PBXFileReference; fileEncoding = 4; lastKnownFileType = sourcecode.swift; path = "Data+MJL.swift"; sourceTree = "<group>"; };
		0899DCCB1E04717600EA52A0 /* FileManager+MJL.swift */ = {isa = PBXFileReference; fileEncoding = 4; lastKnownFileType = sourcecode.swift; path = "FileManager+MJL.swift"; sourceTree = "<group>"; };
		0899DCCC1E04717600EA52A0 /* NSURL+MJL.swift */ = {isa = PBXFileReference; fileEncoding = 4; lastKnownFileType = sourcecode.swift; path = "NSURL+MJL.swift"; sourceTree = "<group>"; };
		0899DCCD1E04717600EA52A0 /* Process+MJL.swift */ = {isa = PBXFileReference; fileEncoding = 4; lastKnownFileType = sourcecode.swift; path = "Process+MJL.swift"; sourceTree = "<group>"; };
		0899DCCE1E04717600EA52A0 /* String+MJL.swift */ = {isa = PBXFileReference; fileEncoding = 4; lastKnownFileType = sourcecode.swift; path = "String+MJL.swift"; sourceTree = "<group>"; };
		0899DCCF1E04717600EA52A0 /* RecursiveFlatMap.swift */ = {isa = PBXFileReference; fileEncoding = 4; lastKnownFileType = sourcecode.swift; path = RecursiveFlatMap.swift; sourceTree = "<group>"; };
		08E5D20D1EAEF8E600374055 /* ShellCommands.swift */ = {isa = PBXFileReference; fileEncoding = 4; lastKnownFileType = sourcecode.swift; path = ShellCommands.swift; sourceTree = "<group>"; };
		08E5D20E1EAEF8E600374055 /* ToolbarItemHandler.swift */ = {isa = PBXFileReference; fileEncoding = 4; lastKnownFileType = sourcecode.swift; path = ToolbarItemHandler.swift; sourceTree = "<group>"; };
		08F01EA21EFD65070047F397 /* ExpiringCache.swift */ = {isa = PBXFileReference; lastKnownFileType = sourcecode.swift; path = ExpiringCache.swift; sourceTree = "<group>"; };
		08F01EA41EFD71060047F397 /* ExpiringCacheTests.swift */ = {isa = PBXFileReference; lastKnownFileType = sourcecode.swift; path = ExpiringCacheTests.swift; sourceTree = "<group>"; };
		08F01EA61EFD81280047F397 /* KeychainTests.swift */ = {isa = PBXFileReference; fileEncoding = 4; lastKnownFileType = sourcecode.swift; name = KeychainTests.swift; path = "../../../rc2/s4-client/MacClientTests/KeychainTests.swift"; sourceTree = "<group>"; };
		OBJ_12 /* MJLCommonTests.swift */ = {isa = PBXFileReference; lastKnownFileType = sourcecode.swift; path = MJLCommonTests.swift; sourceTree = "<group>"; };
		OBJ_14 /* MJLCommon.framework */ = {isa = PBXFileReference; explicitFileType = wrapper.framework; path = MJLCommon.framework; sourceTree = BUILT_PRODUCTS_DIR; };
		OBJ_15 /* MJLCommonTests.xctest */ = {isa = PBXFileReference; explicitFileType = wrapper.cfbundle; path = MJLCommonTests.xctest; sourceTree = BUILT_PRODUCTS_DIR; };
		OBJ_6 /* Package.swift */ = {isa = PBXFileReference; explicitFileType = sourcecode.swift; path = Package.swift; sourceTree = "<group>"; };
		OBJ_9 /* Keychain.swift */ = {isa = PBXFileReference; lastKnownFileType = sourcecode.swift; path = Keychain.swift; sourceTree = "<group>"; };
/* End PBXFileReference section */

/* Begin PBXFrameworksBuildPhase section */
		OBJ_22 /* Frameworks */ = {
			isa = PBXFrameworksBuildPhase;
			buildActionMask = 0;
			files = (
			);
			runOnlyForDeploymentPostprocessing = 0;
		};
		OBJ_29 /* Frameworks */ = {
			isa = PBXFrameworksBuildPhase;
			buildActionMask = 0;
			files = (
				OBJ_30 /* MJLCommon.framework in Frameworks */,
			);
			runOnlyForDeploymentPostprocessing = 0;
		};
/* End PBXFrameworksBuildPhase section */

/* Begin PBXGroup section */
		0899DCC91E04717600EA52A0 /* extensions */ = {
			isa = PBXGroup;
			children = (
				0899DCCA1E04717600EA52A0 /* Data+MJL.swift */,
				0899DCCB1E04717600EA52A0 /* FileManager+MJL.swift */,
				0899DCCC1E04717600EA52A0 /* NSURL+MJL.swift */,
				0899DCCD1E04717600EA52A0 /* Process+MJL.swift */,
				0899DCCE1E04717600EA52A0 /* String+MJL.swift */,
			);
			path = extensions;
			sourceTree = "<group>";
		};
		OBJ_10 /* Tests */ = {
			isa = PBXGroup;
			children = (
				OBJ_11 /* MJLCommonTests */,
			);
			path = Tests;
			sourceTree = "<group>";
		};
		OBJ_11 /* MJLCommonTests */ = {
			isa = PBXGroup;
			children = (
				OBJ_12 /* MJLCommonTests.swift */,
				08F01EA61EFD81280047F397 /* KeychainTests.swift */,
				08F01EA41EFD71060047F397 /* ExpiringCacheTests.swift */,
			);
			name = MJLCommonTests;
			path = Tests/MJLCommonTests;
			sourceTree = SOURCE_ROOT;
		};
		OBJ_13 /* Products */ = {
			isa = PBXGroup;
			children = (
				OBJ_14 /* MJLCommon.framework */,
				OBJ_15 /* MJLCommonTests.xctest */,
			);
			name = Products;
			sourceTree = BUILT_PRODUCTS_DIR;
		};
		OBJ_5 = {
			isa = PBXGroup;
			children = (
				OBJ_6 /* Package.swift */,
				OBJ_7 /* Sources */,
				OBJ_10 /* Tests */,
				OBJ_13 /* Products */,
			);
			sourceTree = "<group>";
		};
		OBJ_7 /* Sources */ = {
			isa = PBXGroup;
			children = (
				OBJ_8 /* MJLCommon */,
			);
			path = Sources;
			sourceTree = "<group>";
		};
		OBJ_8 /* MJLCommon */ = {
			isa = PBXGroup;
			children = (
				08F01EA21EFD65070047F397 /* ExpiringCache.swift */,
				OBJ_9 /* Keychain.swift */,
				0899DCCF1E04717600EA52A0 /* RecursiveFlatMap.swift */,
				08E5D20D1EAEF8E600374055 /* ShellCommands.swift */,
				08E5D20E1EAEF8E600374055 /* ToolbarItemHandler.swift */,
				0899DCC91E04717600EA52A0 /* extensions */,
			);
			name = MJLCommon;
			path = Sources;
			sourceTree = SOURCE_ROOT;
		};
/* End PBXGroup section */

/* Begin PBXNativeTarget section */
		OBJ_16 /* MJLCommon */ = {
			isa = PBXNativeTarget;
			buildConfigurationList = OBJ_17 /* Build configuration list for PBXNativeTarget "MJLCommon" */;
			buildPhases = (
				OBJ_20 /* Sources */,
				OBJ_22 /* Frameworks */,
			);
			buildRules = (
			);
			dependencies = (
			);
			name = MJLCommon;
			productName = MJLCommon;
			productReference = OBJ_14 /* MJLCommon.framework */;
			productType = "com.apple.product-type.framework";
		};
		OBJ_23 /* MJLCommonTests */ = {
			isa = PBXNativeTarget;
			buildConfigurationList = OBJ_24 /* Build configuration list for PBXNativeTarget "MJLCommonTests" */;
			buildPhases = (
				OBJ_27 /* Sources */,
				OBJ_29 /* Frameworks */,
			);
			buildRules = (
			);
			dependencies = (
				OBJ_31 /* PBXTargetDependency */,
			);
			name = MJLCommonTests;
			productName = MJLCommonTests;
			productReference = OBJ_15 /* MJLCommonTests.xctest */;
			productType = "com.apple.product-type.bundle.unit-test";
		};
/* End PBXNativeTarget section */

/* Begin PBXProject section */
		OBJ_1 /* Project object */ = {
			isa = PBXProject;
			attributes = {
				LastUpgradeCheck = 9999;
				TargetAttributes = {
					OBJ_16 = {
						LastSwiftMigration = 0900;
					};
					OBJ_23 = {
						LastSwiftMigration = 0900;
					};
				};
			};
			buildConfigurationList = OBJ_2 /* Build configuration list for PBXProject "MJLCommon" */;
			compatibilityVersion = "Xcode 3.2";
			developmentRegion = English;
			hasScannedForEncodings = 0;
			knownRegions = (
				en,
			);
			mainGroup = OBJ_5;
			productRefGroup = OBJ_13 /* Products */;
			projectDirPath = "";
			projectRoot = "";
			targets = (
				OBJ_16 /* MJLCommon */,
				OBJ_23 /* MJLCommonTests */,
			);
		};
/* End PBXProject section */

/* Begin PBXSourcesBuildPhase section */
		OBJ_20 /* Sources */ = {
			isa = PBXSourcesBuildPhase;
			buildActionMask = 0;
			files = (
				08E5D20F1EAEF8E600374055 /* ShellCommands.swift in Sources */,
				0899DCD21E04717600EA52A0 /* NSURL+MJL.swift in Sources */,
				08F01EA31EFD65070047F397 /* ExpiringCache.swift in Sources */,
				08E5D2101EAEF8E600374055 /* ToolbarItemHandler.swift in Sources */,
				OBJ_21 /* Keychain.swift in Sources */,
				0899DCD41E04717600EA52A0 /* String+MJL.swift in Sources */,
				0899DCD31E04717600EA52A0 /* Process+MJL.swift in Sources */,
				0899DCD51E04717600EA52A0 /* RecursiveFlatMap.swift in Sources */,
				0899DCD11E04717600EA52A0 /* FileManager+MJL.swift in Sources */,
				0899DCD01E04717600EA52A0 /* Data+MJL.swift in Sources */,
			);
			runOnlyForDeploymentPostprocessing = 0;
		};
		OBJ_27 /* Sources */ = {
			isa = PBXSourcesBuildPhase;
			buildActionMask = 0;
			files = (
				08F01EA51EFD71060047F397 /* ExpiringCacheTests.swift in Sources */,
				OBJ_28 /* MJLCommonTests.swift in Sources */,
				08F01EA71EFD81280047F397 /* KeychainTests.swift in Sources */,
			);
			runOnlyForDeploymentPostprocessing = 0;
		};
/* End PBXSourcesBuildPhase section */

/* Begin PBXTargetDependency section */
		OBJ_31 /* PBXTargetDependency */ = {
			isa = PBXTargetDependency;
			target = OBJ_16 /* MJLCommon */;
			targetProxy = 0899DCC81E046B2300EA52A0 /* PBXContainerItemProxy */;
		};
/* End PBXTargetDependency section */

/* Begin XCBuildConfiguration section */
		OBJ_18 /* Debug */ = {
			isa = XCBuildConfiguration;
			buildSettings = {
				ENABLE_TESTABILITY = YES;
				FRAMEWORK_SEARCH_PATHS = (
					"$(inherited)",
					"$(PLATFORM_DIR)/Developer/Library/Frameworks",
				);
				HEADER_SEARCH_PATHS = "$(inherited)";
				INFOPLIST_FILE = MJLCommon.xcodeproj/MJLCommon_Info.plist;
				LD_RUNPATH_SEARCH_PATHS = "$(TOOLCHAIN_DIR)/usr/lib/swift/macosx";
				OTHER_LDFLAGS = "$(inherited)";
				OTHER_SWIFT_FLAGS = "$(inherited)";
				PRODUCT_BUNDLE_IDENTIFIER = MJLCommon;
				PRODUCT_MODULE_NAME = "$(TARGET_NAME:c99extidentifier)";
				PRODUCT_NAME = "$(TARGET_NAME:c99extidentifier)";
				SWIFT_VERSION = 4.0;
				TARGET_NAME = MJLCommon;
			};
			name = Debug;
		};
		OBJ_19 /* Release */ = {
			isa = XCBuildConfiguration;
			buildSettings = {
				ENABLE_TESTABILITY = YES;
				FRAMEWORK_SEARCH_PATHS = (
					"$(inherited)",
					"$(PLATFORM_DIR)/Developer/Library/Frameworks",
				);
				HEADER_SEARCH_PATHS = "$(inherited)";
				INFOPLIST_FILE = MJLCommon.xcodeproj/MJLCommon_Info.plist;
				LD_RUNPATH_SEARCH_PATHS = "$(TOOLCHAIN_DIR)/usr/lib/swift/macosx";
				OTHER_LDFLAGS = "$(inherited)";
				OTHER_SWIFT_FLAGS = "$(inherited)";
				PRODUCT_BUNDLE_IDENTIFIER = MJLCommon;
				PRODUCT_MODULE_NAME = "$(TARGET_NAME:c99extidentifier)";
				PRODUCT_NAME = "$(TARGET_NAME:c99extidentifier)";
				SWIFT_VERSION = 4.0;
				TARGET_NAME = MJLCommon;
			};
			name = Release;
		};
		OBJ_25 /* Debug */ = {
			isa = XCBuildConfiguration;
			buildSettings = {
				EMBEDDED_CONTENT_CONTAINS_SWIFT = YES;
				FRAMEWORK_SEARCH_PATHS = (
					"$(inherited)",
					"$(PLATFORM_DIR)/Developer/Library/Frameworks",
				);
				HEADER_SEARCH_PATHS = "$(inherited)";
				INFOPLIST_FILE = MJLCommon.xcodeproj/MJLCommonTests_Info.plist;
				LD_RUNPATH_SEARCH_PATHS = "@loader_path/../Frameworks";
				OTHER_LDFLAGS = "$(inherited)";
				OTHER_SWIFT_FLAGS = "$(inherited)";
				SWIFT_VERSION = 4.0;
				TARGET_NAME = MJLCommonTests;
			};
			name = Debug;
		};
		OBJ_26 /* Release */ = {
			isa = XCBuildConfiguration;
			buildSettings = {
				EMBEDDED_CONTENT_CONTAINS_SWIFT = YES;
				FRAMEWORK_SEARCH_PATHS = (
					"$(inherited)",
					"$(PLATFORM_DIR)/Developer/Library/Frameworks",
				);
				HEADER_SEARCH_PATHS = "$(inherited)";
				INFOPLIST_FILE = MJLCommon.xcodeproj/MJLCommonTests_Info.plist;
				LD_RUNPATH_SEARCH_PATHS = "@loader_path/../Frameworks";
				OTHER_LDFLAGS = "$(inherited)";
				OTHER_SWIFT_FLAGS = "$(inherited)";
				SWIFT_VERSION = 4.0;
				TARGET_NAME = MJLCommonTests;
			};
			name = Release;
		};
		OBJ_3 /* Debug */ = {
			isa = XCBuildConfiguration;
			buildSettings = {
				COMBINE_HIDPI_IMAGES = YES;
				COPY_PHASE_STRIP = NO;
				DEBUG_INFORMATION_FORMAT = dwarf;
				DYLIB_INSTALL_NAME_BASE = "@rpath";
				ENABLE_NS_ASSERTIONS = YES;
				GCC_OPTIMIZATION_LEVEL = 0;
				MACOSX_DEPLOYMENT_TARGET = 10.10;
				ONLY_ACTIVE_ARCH = YES;
				OTHER_SWIFT_FLAGS = "-DXcode";
				PRODUCT_NAME = "$(TARGET_NAME)";
				SDKROOT = macosx;
				SUPPORTED_PLATFORMS = "macosx iphoneos iphonesimulator appletvos appletvsimulator watchos watchsimulator";
				SWIFT_ACTIVE_COMPILATION_CONDITIONS = SWIFT_PACKAGE;
				SWIFT_OPTIMIZATION_LEVEL = "-Onone";
				SWIFT_VERSION = 3.0;
				USE_HEADERMAP = NO;
			};
			name = Debug;
		};
		OBJ_4 /* Release */ = {
			isa = XCBuildConfiguration;
			buildSettings = {
				COMBINE_HIDPI_IMAGES = YES;
				COPY_PHASE_STRIP = YES;
				DEBUG_INFORMATION_FORMAT = "dwarf-with-dsym";
				DYLIB_INSTALL_NAME_BASE = "@rpath";
				GCC_OPTIMIZATION_LEVEL = s;
				MACOSX_DEPLOYMENT_TARGET = 10.10;
				OTHER_SWIFT_FLAGS = "-DXcode";
				PRODUCT_NAME = "$(TARGET_NAME)";
				SDKROOT = macosx;
				SUPPORTED_PLATFORMS = "macosx iphoneos iphonesimulator appletvos appletvsimulator watchos watchsimulator";
				SWIFT_ACTIVE_COMPILATION_CONDITIONS = SWIFT_PACKAGE;
				SWIFT_OPTIMIZATION_LEVEL = "-O";
				SWIFT_VERSION = 3.0;
				USE_HEADERMAP = NO;
			};
			name = Release;
		};
/* End XCBuildConfiguration section */

/* Begin XCConfigurationList section */
		OBJ_17 /* Build configuration list for PBXNativeTarget "MJLCommon" */ = {
			isa = XCConfigurationList;
			buildConfigurations = (
				OBJ_18 /* Debug */,
				OBJ_19 /* Release */,
			);
			defaultConfigurationIsVisible = 0;
			defaultConfigurationName = Debug;
		};
		OBJ_2 /* Build configuration list for PBXProject "MJLCommon" */ = {
			isa = XCConfigurationList;
			buildConfigurations = (
				OBJ_3 /* Debug */,
				OBJ_4 /* Release */,
			);
			defaultConfigurationIsVisible = 0;
			defaultConfigurationName = Debug;
		};
		OBJ_24 /* Build configuration list for PBXNativeTarget "MJLCommonTests" */ = {
			isa = XCConfigurationList;
			buildConfigurations = (
				OBJ_25 /* Debug */,
				OBJ_26 /* Release */,
			);
			defaultConfigurationIsVisible = 0;
			defaultConfigurationName = Debug;
		};
/* End XCConfigurationList section */
	};
	rootObject = OBJ_1 /* Project object */;
}
